// !$*UTF8*$!
{
	archiveVersion = 1;
	classes = {
	};
	objectVersion = 50;
	objects = {

/* Begin PBXBuildFile section */
		BD19A69A214721E30013FA71 /* SettingsChangeViewController.swift in Sources */ = {isa = PBXBuildFile; fileRef = BD19A699214721E30013FA71 /* SettingsChangeViewController.swift */; };
		BD42CAAF214585C1005F4465 /* AppDelegate.swift in Sources */ = {isa = PBXBuildFile; fileRef = BD42CAAE214585C1005F4465 /* AppDelegate.swift */; };
		BD42CAB1214585C1005F4465 /* ViewController.swift in Sources */ = {isa = PBXBuildFile; fileRef = BD42CAB0214585C1005F4465 /* ViewController.swift */; };
		BD42CAB4214585C1005F4465 /* Main.storyboard in Resources */ = {isa = PBXBuildFile; fileRef = BD42CAB2214585C1005F4465 /* Main.storyboard */; };
		BD42CAB6214585C2005F4465 /* Assets.xcassets in Resources */ = {isa = PBXBuildFile; fileRef = BD42CAB5214585C2005F4465 /* Assets.xcassets */; };
		BD42CAB9214585C2005F4465 /* LaunchScreen.storyboard in Resources */ = {isa = PBXBuildFile; fileRef = BD42CAB7214585C2005F4465 /* LaunchScreen.storyboard */; };
		BD42CAC4214585C3005F4465 /* TipsterTests.swift in Sources */ = {isa = PBXBuildFile; fileRef = BD42CAC3214585C3005F4465 /* TipsterTests.swift */; };
		BD42CACF214585C3005F4465 /* TipsterUITests.swift in Sources */ = {isa = PBXBuildFile; fileRef = BD42CACE214585C3005F4465 /* TipsterUITests.swift */; };
/* End PBXBuildFile section */

/* Begin PBXContainerItemProxy section */
		BD42CAC0214585C3005F4465 /* PBXContainerItemProxy */ = {
			isa = PBXContainerItemProxy;
			containerPortal = BD42CAA3214585C1005F4465 /* Project object */;
			proxyType = 1;
			remoteGlobalIDString = BD42CAAA214585C1005F4465;
			remoteInfo = Tipster;
		};
		BD42CACB214585C3005F4465 /* PBXContainerItemProxy */ = {
			isa = PBXContainerItemProxy;
			containerPortal = BD42CAA3214585C1005F4465 /* Project object */;
			proxyType = 1;
			remoteGlobalIDString = BD42CAAA214585C1005F4465;
			remoteInfo = Tipster;
		};
/* End PBXContainerItemProxy section */

/* Begin PBXFileReference section */
		BD19A699214721E30013FA71 /* SettingsChangeViewController.swift */ = {isa = PBXFileReference; lastKnownFileType = sourcecode.swift; path = SettingsChangeViewController.swift; sourceTree = "<group>"; };
		BD42CAAB214585C1005F4465 /* Tipster.app */ = {isa = PBXFileReference; explicitFileType = wrapper.application; includeInIndex = 0; path = Tipster.app; sourceTree = BUILT_PRODUCTS_DIR; };
		BD42CAAE214585C1005F4465 /* AppDelegate.swift */ = {isa = PBXFileReference; lastKnownFileType = sourcecode.swift; path = AppDelegate.swift; sourceTree = "<group>"; };
		BD42CAB0214585C1005F4465 /* ViewController.swift */ = {isa = PBXFileReference; lastKnownFileType = sourcecode.swift; path = ViewController.swift; sourceTree = "<group>"; };
		BD42CAB3214585C1005F4465 /* Base */ = {isa = PBXFileReference; lastKnownFileType = file.storyboard; name = Base; path = Base.lproj/Main.storyboard; sourceTree = "<group>"; };
		BD42CAB5214585C2005F4465 /* Assets.xcassets */ = {isa = PBXFileReference; lastKnownFileType = folder.assetcatalog; path = Assets.xcassets; sourceTree = "<group>"; };
		BD42CAB8214585C2005F4465 /* Base */ = {isa = PBXFileReference; lastKnownFileType = file.storyboard; name = Base; path = Base.lproj/LaunchScreen.storyboard; sourceTree = "<group>"; };
		BD42CABA214585C2005F4465 /* Info.plist */ = {isa = PBXFileReference; lastKnownFileType = text.plist.xml; path = Info.plist; sourceTree = "<group>"; };
		BD42CABF214585C3005F4465 /* TipsterTests.xctest */ = {isa = PBXFileReference; explicitFileType = wrapper.cfbundle; includeInIndex = 0; path = TipsterTests.xctest; sourceTree = BUILT_PRODUCTS_DIR; };
		BD42CAC3214585C3005F4465 /* TipsterTests.swift */ = {isa = PBXFileReference; lastKnownFileType = sourcecode.swift; path = TipsterTests.swift; sourceTree = "<group>"; };
		BD42CAC5214585C3005F4465 /* Info.plist */ = {isa = PBXFileReference; lastKnownFileType = text.plist.xml; path = Info.plist; sourceTree = "<group>"; };
		BD42CACA214585C3005F4465 /* TipsterUITests.xctest */ = {isa = PBXFileReference; explicitFileType = wrapper.cfbundle; includeInIndex = 0; path = TipsterUITests.xctest; sourceTree = BUILT_PRODUCTS_DIR; };
		BD42CACE214585C3005F4465 /* TipsterUITests.swift */ = {isa = PBXFileReference; lastKnownFileType = sourcecode.swift; path = TipsterUITests.swift; sourceTree = "<group>"; };
		BD42CAD0214585C3005F4465 /* Info.plist */ = {isa = PBXFileReference; lastKnownFileType = text.plist.xml; path = Info.plist; sourceTree = "<group>"; };
/* End PBXFileReference section */

/* Begin PBXFrameworksBuildPhase section */
		BD42CAA8214585C1005F4465 /* Frameworks */ = {
			isa = PBXFrameworksBuildPhase;
			buildActionMask = 2147483647;
			files = (
			);
			runOnlyForDeploymentPostprocessing = 0;
		};
		BD42CABC214585C3005F4465 /* Frameworks */ = {
			isa = PBXFrameworksBuildPhase;
			buildActionMask = 2147483647;
			files = (
			);
			runOnlyForDeploymentPostprocessing = 0;
		};
		BD42CAC7214585C3005F4465 /* Frameworks */ = {
			isa = PBXFrameworksBuildPhase;
			buildActionMask = 2147483647;
			files = (
			);
			runOnlyForDeploymentPostprocessing = 0;
		};
/* End PBXFrameworksBuildPhase section */

/* Begin PBXGroup section */
		BD42CAA2214585C1005F4465 = {
			isa = PBXGroup;
			children = (
				BD42CAAD214585C1005F4465 /* Tipster */,
				BD42CAC2214585C3005F4465 /* TipsterTests */,
				BD42CACD214585C3005F4465 /* TipsterUITests */,
				BD42CAAC214585C1005F4465 /* Products */,
			);
			sourceTree = "<group>";
		};
		BD42CAAC214585C1005F4465 /* Products */ = {
			isa = PBXGroup;
			children = (
				BD42CAAB214585C1005F4465 /* Tipster.app */,
				BD42CABF214585C3005F4465 /* TipsterTests.xctest */,
				BD42CACA214585C3005F4465 /* TipsterUITests.xctest */,
			);
			name = Products;
			sourceTree = "<group>";
		};
		BD42CAAD214585C1005F4465 /* Tipster */ = {
			isa = PBXGroup;
			children = (
				BD19A699214721E30013FA71 /* SettingsChangeViewController.swift */,
				BD42CAAE214585C1005F4465 /* AppDelegate.swift */,
				BD42CAB0214585C1005F4465 /* ViewController.swift */,
				BD42CAB2214585C1005F4465 /* Main.storyboard */,
				BD42CAB5214585C2005F4465 /* Assets.xcassets */,
				BD42CAB7214585C2005F4465 /* LaunchScreen.storyboard */,
				BD42CABA214585C2005F4465 /* Info.plist */,
			);
			path = Tipster;
			sourceTree = "<group>";
		};
		BD42CAC2214585C3005F4465 /* TipsterTests */ = {
			isa = PBXGroup;
			children = (
				BD42CAC3214585C3005F4465 /* TipsterTests.swift */,
				BD42CAC5214585C3005F4465 /* Info.plist */,
			);
			path = TipsterTests;
			sourceTree = "<group>";
		};
		BD42CACD214585C3005F4465 /* TipsterUITests */ = {
			isa = PBXGroup;
			children = (
				BD42CACE214585C3005F4465 /* TipsterUITests.swift */,
				BD42CAD0214585C3005F4465 /* Info.plist */,
			);
			path = TipsterUITests;
			sourceTree = "<group>";
		};
/* End PBXGroup section */

/* Begin PBXNativeTarget section */
		BD42CAAA214585C1005F4465 /* Tipster */ = {
			isa = PBXNativeTarget;
			buildConfigurationList = BD42CAD3214585C3005F4465 /* Build configuration list for PBXNativeTarget "Tipster" */;
			buildPhases = (
				BD42CAA7214585C1005F4465 /* Sources */,
				BD42CAA8214585C1005F4465 /* Frameworks */,
				BD42CAA9214585C1005F4465 /* Resources */,
			);
			buildRules = (
			);
			dependencies = (
			);
			name = Tipster;
			productName = Tipster;
			productReference = BD42CAAB214585C1005F4465 /* Tipster.app */;
			productType = "com.apple.product-type.application";
		};
		BD42CABE214585C3005F4465 /* TipsterTests */ = {
			isa = PBXNativeTarget;
			buildConfigurationList = BD42CAD6214585C3005F4465 /* Build configuration list for PBXNativeTarget "TipsterTests" */;
			buildPhases = (
				BD42CABB214585C3005F4465 /* Sources */,
				BD42CABC214585C3005F4465 /* Frameworks */,
				BD42CABD214585C3005F4465 /* Resources */,
			);
			buildRules = (
			);
			dependencies = (
				BD42CAC1214585C3005F4465 /* PBXTargetDependency */,
			);
			name = TipsterTests;
			productName = TipsterTests;
			productReference = BD42CABF214585C3005F4465 /* TipsterTests.xctest */;
			productType = "com.apple.product-type.bundle.unit-test";
		};
		BD42CAC9214585C3005F4465 /* TipsterUITests */ = {
			isa = PBXNativeTarget;
			buildConfigurationList = BD42CAD9214585C3005F4465 /* Build configuration list for PBXNativeTarget "TipsterUITests" */;
			buildPhases = (
				BD42CAC6214585C3005F4465 /* Sources */,
				BD42CAC7214585C3005F4465 /* Frameworks */,
				BD42CAC8214585C3005F4465 /* Resources */,
			);
			buildRules = (
			);
			dependencies = (
				BD42CACC214585C3005F4465 /* PBXTargetDependency */,
			);
			name = TipsterUITests;
			productName = TipsterUITests;
			productReference = BD42CACA214585C3005F4465 /* TipsterUITests.xctest */;
			productType = "com.apple.product-type.bundle.ui-testing";
		};
/* End PBXNativeTarget section */

/* Begin PBXProject section */
		BD42CAA3214585C1005F4465 /* Project object */ = {
			isa = PBXProject;
			attributes = {
				LastSwiftUpdateCheck = 0940;
				LastUpgradeCheck = 0940;
				ORGANIZATIONNAME = Nabil;
				TargetAttributes = {
					BD42CAAA214585C1005F4465 = {
						CreatedOnToolsVersion = 9.4.1;
					};
					BD42CABE214585C3005F4465 = {
						CreatedOnToolsVersion = 9.4.1;
						TestTargetID = BD42CAAA214585C1005F4465;
					};
					BD42CAC9214585C3005F4465 = {
						CreatedOnToolsVersion = 9.4.1;
						TestTargetID = BD42CAAA214585C1005F4465;
					};
				};
			};
			buildConfigurationList = BD42CAA6214585C1005F4465 /* Build configuration list for PBXProject "Tipster" */;
			compatibilityVersion = "Xcode 9.3";
			developmentRegion = en;
			hasScannedForEncodings = 0;
			knownRegions = (
				en,
				Base,
			);
			mainGroup = BD42CAA2214585C1005F4465;
			productRefGroup = BD42CAAC214585C1005F4465 /* Products */;
			projectDirPath = "";
			projectRoot = "";
			targets = (
				BD42CAAA214585C1005F4465 /* Tipster */,
				BD42CABE214585C3005F4465 /* TipsterTests */,
				BD42CAC9214585C3005F4465 /* TipsterUITests */,
			);
		};
/* End PBXProject section */

/* Begin PBXResourcesBuildPhase section */
		BD42CAA9214585C1005F4465 /* Resources */ = {
			isa = PBXResourcesBuildPhase;
			buildActionMask = 2147483647;
			files = (
				BD42CAB9214585C2005F4465 /* LaunchScreen.storyboard in Resources */,
				BD42CAB6214585C2005F4465 /* Assets.xcassets in Resources */,
				BD42CAB4214585C1005F4465 /* Main.storyboard in Resources */,
			);
			runOnlyForDeploymentPostprocessing = 0;
		};
		BD42CABD214585C3005F4465 /* Resources */ = {
			isa = PBXResourcesBuildPhase;
			buildActionMask = 2147483647;
			files = (
			);
			runOnlyForDeploymentPostprocessing = 0;
		};
		BD42CAC8214585C3005F4465 /* Resources */ = {
			isa = PBXResourcesBuildPhase;
			buildActionMask = 2147483647;
			files = (
			);
			runOnlyForDeploymentPostprocessing = 0;
		};
/* End PBXResourcesBuildPhase section */

/* Begin PBXSourcesBuildPhase section */
		BD42CAA7214585C1005F4465 /* Sources */ = {
			isa = PBXSourcesBuildPhase;
			buildActionMask = 2147483647;
			files = (
				BD42CAB1214585C1005F4465 /* ViewController.swift in Sources */,
				BD42CAAF214585C1005F4465 /* AppDelegate.swift in Sources */,
				BD19A69A214721E30013FA71 /* SettingsChangeViewController.swift in Sources */,
			);
			runOnlyForDeploymentPostprocessing = 0;
		};
		BD42CABB214585C3005F4465 /* Sources */ = {
			isa = PBXSourcesBuildPhase;
			buildActionMask = 2147483647;
			files = (
				BD42CAC4214585C3005F4465 /* TipsterTests.swift in Sources */,
			);
			runOnlyForDeploymentPostprocessing = 0;
		};
		BD42CAC6214585C3005F4465 /* Sources */ = {
			isa = PBXSourcesBuildPhase;
			buildActionMask = 2147483647;
			files = (
				BD42CACF214585C3005F4465 /* TipsterUITests.swift in Sources */,
			);
			runOnlyForDeploymentPostprocessing = 0;
		};
/* End PBXSourcesBuildPhase section */

/* Begin PBXTargetDependency section */
		BD42CAC1214585C3005F4465 /* PBXTargetDependency */ = {
			isa = PBXTargetDependency;
			target = BD42CAAA214585C1005F4465 /* Tipster */;
			targetProxy = BD42CAC0214585C3005F4465 /* PBXContainerItemProxy */;
		};
		BD42CACC214585C3005F4465 /* PBXTargetDependency */ = {
			isa = PBXTargetDependency;
			target = BD42CAAA214585C1005F4465 /* Tipster */;
			targetProxy = BD42CACB214585C3005F4465 /* PBXContainerItemProxy */;
		};
/* End PBXTargetDependency section */

/* Begin PBXVariantGroup section */
		BD42CAB2214585C1005F4465 /* Main.storyboard */ = {
			isa = PBXVariantGroup;
			children = (
				BD42CAB3214585C1005F4465 /* Base */,
			);
			name = Main.storyboard;
			sourceTree = "<group>";
		};
		BD42CAB7214585C2005F4465 /* LaunchScreen.storyboard */ = {
			isa = PBXVariantGroup;
			children = (
				BD42CAB8214585C2005F4465 /* Base */,
			);
			name = LaunchScreen.storyboard;
			sourceTree = "<group>";
		};
/* End PBXVariantGroup section */

/* Begin XCBuildConfiguration section */
		BD42CAD1214585C3005F4465 /* Debug */ = {
			isa = XCBuildConfiguration;
			buildSettings = {
				ALWAYS_SEARCH_USER_PATHS = NO;
				CLANG_ANALYZER_NONNULL = YES;
				CLANG_ANALYZER_NUMBER_OBJECT_CONVERSION = YES_AGGRESSIVE;
				CLANG_CXX_LANGUAGE_STANDARD = "gnu++14";
				CLANG_CXX_LIBRARY = "libc++";
				CLANG_ENABLE_MODULES = YES;
				CLANG_ENABLE_OBJC_ARC = YES;
				CLANG_ENABLE_OBJC_WEAK = YES;
				CLANG_WARN_BLOCK_CAPTURE_AUTORELEASING = YES;
				CLANG_WARN_BOOL_CONVERSION = YES;
				CLANG_WARN_COMMA = YES;
				CLANG_WARN_CONSTANT_CONVERSION = YES;
				CLANG_WARN_DEPRECATED_OBJC_IMPLEMENTATIONS = YES;
				CLANG_WARN_DIRECT_OBJC_ISA_USAGE = YES_ERROR;
				CLANG_WARN_DOCUMENTATION_COMMENTS = YES;
				CLANG_WARN_EMPTY_BODY = YES;
				CLANG_WARN_ENUM_CONVERSION = YES;
				CLANG_WARN_INFINITE_RECURSION = YES;
				CLANG_WARN_INT_CONVERSION = YES;
				CLANG_WARN_NON_LITERAL_NULL_CONVERSION = YES;
				CLANG_WARN_OBJC_IMPLICIT_RETAIN_SELF = YES;
				CLANG_WARN_OBJC_LITERAL_CONVERSION = YES;
				CLANG_WARN_OBJC_ROOT_CLASS = YES_ERROR;
				CLANG_WARN_RANGE_LOOP_ANALYSIS = YES;
				CLANG_WARN_STRICT_PROTOTYPES = YES;
				CLANG_WARN_SUSPICIOUS_MOVE = YES;
				CLANG_WARN_UNGUARDED_AVAILABILITY = YES_AGGRESSIVE;
				CLANG_WARN_UNREACHABLE_CODE = YES;
				CLANG_WARN__DUPLICATE_METHOD_MATCH = YES;
				CODE_SIGN_IDENTITY = "iPhone Developer";
				COPY_PHASE_STRIP = NO;
				DEBUG_INFORMATION_FORMAT = dwarf;
				ENABLE_STRICT_OBJC_MSGSEND = YES;
				ENABLE_TESTABILITY = YES;
				GCC_C_LANGUAGE_STANDARD = gnu11;
				GCC_DYNAMIC_NO_PIC = NO;
				GCC_NO_COMMON_BLOCKS = YES;
				GCC_OPTIMIZATION_LEVEL = 0;
				GCC_PREPROCESSOR_DEFINITIONS = (
					"DEBUG=1",
					"$(inherited)",
				);
				GCC_WARN_64_TO_32_BIT_CONVERSION = YES;
				GCC_WARN_ABOUT_RETURN_TYPE = YES_ERROR;
				GCC_WARN_UNDECLARED_SELECTOR = YES;
				GCC_WARN_UNINITIALIZED_AUTOS = YES_AGGRESSIVE;
				GCC_WARN_UNUSED_FUNCTION = YES;
				GCC_WARN_UNUSED_VARIABLE = YES;
				IPHONEOS_DEPLOYMENT_TARGET = 11.4;
				MTL_ENABLE_DEBUG_INFO = YES;
				ONLY_ACTIVE_ARCH = YES;
				SDKROOT = iphoneos;
				SWIFT_ACTIVE_COMPILATION_CONDITIONS = DEBUG;
				SWIFT_OPTIMIZATION_LEVEL = "-Onone";
			};
			name = Debug;
		};
		BD42CAD2214585C3005F4465 /* Release */ = {
			isa = XCBuildConfiguration;
			buildSettings = {
				ALWAYS_SEARCH_USER_PATHS = NO;
				CLANG_ANALYZER_NONNULL = YES;
				CLANG_ANALYZER_NUMBER_OBJECT_CONVERSION = YES_AGGRESSIVE;
				CLANG_CXX_LANGUAGE_STANDARD = "gnu++14";
				CLANG_CXX_LIBRARY = "libc++";
				CLANG_ENABLE_MODULES = YES;
				CLANG_ENABLE_OBJC_ARC = YES;
				CLANG_ENABLE_OBJC_WEAK = YES;
				CLANG_WARN_BLOCK_CAPTURE_AUTORELEASING = YES;
				CLANG_WARN_BOOL_CONVERSION = YES;
				CLANG_WARN_COMMA = YES;
				CLANG_WARN_CONSTANT_CONVERSION = YES;
				CLANG_WARN_DEPRECATED_OBJC_IMPLEMENTATIONS = YES;
				CLANG_WARN_DIRECT_OBJC_ISA_USAGE = YES_ERROR;
				CLANG_WARN_DOCUMENTATION_COMMENTS = YES;
				CLANG_WARN_EMPTY_BODY = YES;
				CLANG_WARN_ENUM_CONVERSION = YES;
				CLANG_WARN_INFINITE_RECURSION = YES;
				CLANG_WARN_INT_CONVERSION = YES;
				CLANG_WARN_NON_LITERAL_NULL_CONVERSION = YES;
				CLANG_WARN_OBJC_IMPLICIT_RETAIN_SELF = YES;
				CLANG_WARN_OBJC_LITERAL_CONVERSION = YES;
				CLANG_WARN_OBJC_ROOT_CLASS = YES_ERROR;
				CLANG_WARN_RANGE_LOOP_ANALYSIS = YES;
				CLANG_WARN_STRICT_PROTOTYPES = YES;
				CLANG_WARN_SUSPICIOUS_MOVE = YES;
				CLANG_WARN_UNGUARDED_AVAILABILITY = YES_AGGRESSIVE;
				CLANG_WARN_UNREACHABLE_CODE = YES;
				CLANG_WARN__DUPLICATE_METHOD_MATCH = YES;
				CODE_SIGN_IDENTITY = "iPhone Developer";
				COPY_PHASE_STRIP = NO;
				DEBUG_INFORMATION_FORMAT = "dwarf-with-dsym";
				ENABLE_NS_ASSERTIONS = NO;
				ENABLE_STRICT_OBJC_MSGSEND = YES;
				GCC_C_LANGUAGE_STANDARD = gnu11;
				GCC_NO_COMMON_BLOCKS = YES;
				GCC_WARN_64_TO_32_BIT_CONVERSION = YES;
				GCC_WARN_ABOUT_RETURN_TYPE = YES_ERROR;
				GCC_WARN_UNDECLARED_SELECTOR = YES;
				GCC_WARN_UNINITIALIZED_AUTOS = YES_AGGRESSIVE;
				GCC_WARN_UNUSED_FUNCTION = YES;
				GCC_WARN_UNUSED_VARIABLE = YES;
				IPHONEOS_DEPLOYMENT_TARGET = 11.4;
				MTL_ENABLE_DEBUG_INFO = NO;
				SDKROOT = iphoneos;
				SWIFT_COMPILATION_MODE = wholemodule;
				SWIFT_OPTIMIZATION_LEVEL = "-O";
				VALIDATE_PRODUCT = YES;
			};
			name = Release;
		};
		BD42CAD4214585C3005F4465 /* Debug */ = {
			isa = XCBuildConfiguration;
			buildSettings = {
				ASSETCATALOG_COMPILER_APPICON_NAME = AppIcon;
				CODE_SIGN_STYLE = Automatic;
				INFOPLIST_FILE = Tipster/Info.plist;
				LD_RUNPATH_SEARCH_PATHS = (
					"$(inherited)",
					"@executable_path/Frameworks",
				);
				PRODUCT_BUNDLE_IDENTIFIER = ccnyiOs.Tipster;
				PRODUCT_NAME = "$(TARGET_NAME)";
				SWIFT_VERSION = 4.0;
				TARGETED_DEVICE_FAMILY = "1,2";
			};
			name = Debug;
		};
		BD42CAD5214585C3005F4465 /* Release */ = {
			isa = XCBuildConfiguration;
			buildSettings = {
				ASSETCATALOG_COMPILER_APPICON_NAME = AppIcon;
				CODE_SIGN_STYLE = Automatic;
				INFOPLIST_FILE = Tipster/Info.plist;
				LD_RUNPATH_SEARCH_PATHS = (
					"$(inherited)",
					"@executable_path/Frameworks",
				);
				PRODUCT_BUNDLE_IDENTIFIER = ccnyiOs.Tipster;
				PRODUCT_NAME = "$(TARGET_NAME)";
				SWIFT_VERSION = 4.0;
				TARGETED_DEVICE_FAMILY = "1,2";
			};
			name = Release;
		};
		BD42CAD7214585C3005F4465 /* Debug */ = {
			isa = XCBuildConfiguration;
			buildSettings = {
				ALWAYS_EMBED_SWIFT_STANDARD_LIBRARIES = YES;
				BUNDLE_LOADER = "$(TEST_HOST)";
				CODE_SIGN_STYLE = Automatic;
				INFOPLIST_FILE = TipsterTests/Info.plist;
				LD_RUNPATH_SEARCH_PATHS = (
					"$(inherited)",
					"@executable_path/Frameworks",
					"@loader_path/Frameworks",
				);
				PRODUCT_BUNDLE_IDENTIFIER = ccnyiOs.TipsterTests;
				PRODUCT_NAME = "$(TARGET_NAME)";
				SWIFT_VERSION = 4.0;
				TARGETED_DEVICE_FAMILY = "1,2";
				TEST_HOST = "$(BUILT_PRODUCTS_DIR)/Tipster.app/Tipster";
			};
			name = Debug;
		};
		BD42CAD8214585C3005F4465 /* Release */ = {
			isa = XCBuildConfiguration;
			buildSettings = {
				ALWAYS_EMBED_SWIFT_STANDARD_LIBRARIES = YES;
				BUNDLE_LOADER = "$(TEST_HOST)";
				CODE_SIGN_STYLE = Automatic;
				INFOPLIST_FILE = TipsterTests/Info.plist;
				LD_RUNPATH_SEARCH_PATHS = (
					"$(inherited)",
					"@executable_path/Frameworks",
					"@loader_path/Frameworks",
				);
				PRODUCT_BUNDLE_IDENTIFIER = ccnyiOs.TipsterTests;
				PRODUCT_NAME = "$(TARGET_NAME)";
				SWIFT_VERSION = 4.0;
				TARGETED_DEVICE_FAMILY = "1,2";
				TEST_HOST = "$(BUILT_PRODUCTS_DIR)/Tipster.app/Tipster";
			};
			name = Release;
		};
		BD42CADA214585C3005F4465 /* Debug */ = {
			isa = XCBuildConfiguration;
			buildSettings = {
				ALWAYS_EMBED_SWIFT_STANDARD_LIBRARIES = YES;
				CODE_SIGN_STYLE = Automatic;
				INFOPLIST_FILE = TipsterUITests/Info.plist;
				LD_RUNPATH_SEARCH_PATHS = (
					"$(inherited)",
					"@executable_path/Frameworks",
					"@loader_path/Frameworks",
				);
				PRODUCT_BUNDLE_IDENTIFIER = ccnyiOs.TipsterUITests;
				PRODUCT_NAME = "$(TARGET_NAME)";
				SWIFT_VERSION = 4.0;
				TARGETED_DEVICE_FAMILY = "1,2";
				TEST_TARGET_NAME = Tipster;
			};
			name = Debug;
		};
		BD42CADB214585C3005F4465 /* Release */ = {
			isa = XCBuildConfiguration;
			buildSettings = {
				ALWAYS_EMBED_SWIFT_STANDARD_LIBRARIES = YES;
				CODE_SIGN_STYLE = Automatic;
				INFOPLIST_FILE = TipsterUITests/Info.plist;
				LD_RUNPATH_SEARCH_PATHS = (
					"$(inherited)",
					"@executable_path/Frameworks",
					"@loader_path/Frameworks",
				);
				PRODUCT_BUNDLE_IDENTIFIER = ccnyiOs.TipsterUITests;
				PRODUCT_NAME = "$(TARGET_NAME)";
				SWIFT_VERSION = 4.0;
				TARGETED_DEVICE_FAMILY = "1,2";
				TEST_TARGET_NAME = Tipster;
			};
			name = Release;
		};
/* End XCBuildConfiguration section */

/* Begin XCConfigurationList section */
		BD42CAA6214585C1005F4465 /* Build configuration list for PBXProject "Tipster" */ = {
			isa = XCConfigurationList;
			buildConfigurations = (
				BD42CAD1214585C3005F4465 /* Debug */,
				BD42CAD2214585C3005F4465 /* Release */,
			);
			defaultConfigurationIsVisible = 0;
			defaultConfigurationName = Release;
		};
		BD42CAD3214585C3005F4465 /* Build configuration list for PBXNativeTarget "Tipster" */ = {
			isa = XCConfigurationList;
			buildConfigurations = (
				BD42CAD4214585C3005F4465 /* Debug */,
				BD42CAD5214585C3005F4465 /* Release */,
			);
			defaultConfigurationIsVisible = 0;
			defaultConfigurationName = Release;
		};
		BD42CAD6214585C3005F4465 /* Build configuration list for PBXNativeTarget "TipsterTests" */ = {
			isa = XCConfigurationList;
			buildConfigurations = (
				BD42CAD7214585C3005F4465 /* Debug */,
				BD42CAD8214585C3005F4465 /* Release */,
			);
			defaultConfigurationIsVisible = 0;
			defaultConfigurationName = Release;
		};
		BD42CAD9214585C3005F4465 /* Build configuration list for PBXNativeTarget "TipsterUITests" */ = {
			isa = XCConfigurationList;
			buildConfigurations = (
				BD42CADA214585C3005F4465 /* Debug */,
				BD42CADB214585C3005F4465 /* Release */,
			);
			defaultConfigurationIsVisible = 0;
			defaultConfigurationName = Release;
		};
/* End XCConfigurationList section */
	};
	rootObject = BD42CAA3214585C1005F4465 /* Project object */;
}
